// !$*UTF8*$!
{
	archiveVersion = 1;
	classes = {
	};
	objectVersion = 46;
	objects = {

/* Begin PBXBuildFile section */
		8D11072A0486CEB800E47090 /* MainMenu.nib in Resources */ = {isa = PBXBuildFile; fileRef = 29B97318FDCFA39411CA2CEA /* MainMenu.nib */; };
		8D11072D0486CEB800E47090 /* main.m in Sources */ = {isa = PBXBuildFile; fileRef = 29B97316FDCFA39411CA2CEA /* main.m */; settings = {ATTRIBUTES = (); }; };
		8D11072F0486CEB800E47090 /* Cocoa.framework in Frameworks */ = {isa = PBXBuildFile; fileRef = 1058C7A1FEA54F0111CA2CBB /* Cocoa.framework */; };
		AA071F000A2406F8009E1EB9 /* Help.rtf in Resources */ = {isa = PBXBuildFile; fileRef = AA071EFE0A2406F8009E1EB9 /* Help.rtf */; };
		AA071FE00A240DAE009E1EB9 /* IOKit.framework in Frameworks */ = {isa = PBXBuildFile; fileRef = AA071FDF0A240DAE009E1EB9 /* IOKit.framework */; };
		AA0720610A240FCC009E1EB9 /* crypt3.sh in Resources */ = {isa = PBXBuildFile; fileRef = AA0720600A240FCC009E1EB9 /* crypt3.sh */; };
		AA10539D15C0AE0800AA573B /* openssl in Resources */ = {isa = PBXBuildFile; fileRef = AA10539C15C0AE0800AA573B /* openssl */; };
		AA227B040BE2986B000F4DBF /* Scripting.sdef in Resources */ = {isa = PBXBuildFile; fileRef = AA227B030BE2986B000F4DBF /* Scripting.sdef */; };
		AA82A533193BCFEE005EFE75 /* crypt.png in Resources */ = {isa = PBXBuildFile; fileRef = AA82A52F193BCFEE005EFE75 /* crypt.png */; };
		AA82A534193BCFEE005EFE75 /* New icon.icns in Resources */ = {isa = PBXBuildFile; fileRef = AA82A531193BCFEE005EFE75 /* New icon.icns */; };
		AA82A536193BD022005EFE75 /* crypt.icns in Resources */ = {isa = PBXBuildFile; fileRef = AA82A535193BD022005EFE75 /* crypt.icns */; };
		AAA4042A193BC8EA006415CF /* Controller.m in Sources */ = {isa = PBXBuildFile; fileRef = AAA4041F193BC8EA006415CF /* Controller.m */; };
		AAA4042B193BC8EA006415CF /* Cryptor.m in Sources */ = {isa = PBXBuildFile; fileRef = AAA40421193BC8EA006415CF /* Cryptor.m */; };
		AAA4042C193BC8EA006415CF /* DecryptScriptCommand.m in Sources */ = {isa = PBXBuildFile; fileRef = AAA40423193BC8EA006415CF /* DecryptScriptCommand.m */; };
		AAA4042D193BC8EA006415CF /* DragFileWell.m in Sources */ = {isa = PBXBuildFile; fileRef = AAA40425193BC8EA006415CF /* DragFileWell.m */; };
		AAA4042E193BC8EA006415CF /* EncryptScriptCommand.m in Sources */ = {isa = PBXBuildFile; fileRef = AAA40427193BC8EA006415CF /* EncryptScriptCommand.m */; };
		AAA40432193BC9F1006415CF /* wordset_4k.c in Sources */ = {isa = PBXBuildFile; fileRef = AAA40431193BC9F1006415CF /* wordset_4k.c */; };
		AAE014300A2663F00095BDED /* CryptDoc.icns in Resources */ = {isa = PBXBuildFile; fileRef = AAE0142F0A2663F00095BDED /* CryptDoc.icns */; };
/* End PBXBuildFile section */

/* Begin PBXFileReference section */
		1058C7A1FEA54F0111CA2CBB /* Cocoa.framework */ = {isa = PBXFileReference; lastKnownFileType = wrapper.framework; name = Cocoa.framework; path = /System/Library/Frameworks/Cocoa.framework; sourceTree = "<absolute>"; };
		29B97316FDCFA39411CA2CEA /* main.m */ = {isa = PBXFileReference; fileEncoding = 4; lastKnownFileType = sourcecode.c.objc; path = main.m; sourceTree = "<group>"; };
		29B97319FDCFA39411CA2CEA /* English */ = {isa = PBXFileReference; lastKnownFileType = wrapper.nib; name = English; path = English.lproj/MainMenu.nib; sourceTree = "<group>"; };
		29B97324FDCFA39411CA2CEA /* AppKit.framework */ = {isa = PBXFileReference; lastKnownFileType = wrapper.framework; name = AppKit.framework; path = /System/Library/Frameworks/AppKit.framework; sourceTree = "<absolute>"; };
		29B97325FDCFA39411CA2CEA /* Foundation.framework */ = {isa = PBXFileReference; lastKnownFileType = wrapper.framework; name = Foundation.framework; path = /System/Library/Frameworks/Foundation.framework; sourceTree = "<absolute>"; };
		32CA4F630368D1EE00C91783 /* Crypt3_Prefix.pch */ = {isa = PBXFileReference; fileEncoding = 4; lastKnownFileType = sourcecode.c.h; path = Crypt3_Prefix.pch; sourceTree = "<group>"; };
		8D1107310486CEB800E47090 /* Info.plist */ = {isa = PBXFileReference; fileEncoding = 4; lastKnownFileType = text.plist; path = Info.plist; sourceTree = "<group>"; };
		8D1107320486CEB800E47090 /* Crypt3.app */ = {isa = PBXFileReference; explicitFileType = wrapper.application; includeInIndex = 0; path = Crypt3.app; sourceTree = BUILT_PRODUCTS_DIR; };
		AA071EFF0A2406F8009E1EB9 /* English */ = {isa = PBXFileReference; lastKnownFileType = text.rtf; name = English; path = English.lproj/Help.rtf; sourceTree = "<group>"; };
		AA071FDF0A240DAE009E1EB9 /* IOKit.framework */ = {isa = PBXFileReference; lastKnownFileType = wrapper.framework; name = IOKit.framework; path = ../../../../../../System/Library/Frameworks/IOKit.framework; sourceTree = SOURCE_ROOT; };
		AA0720600A240FCC009E1EB9 /* crypt3.sh */ = {isa = PBXFileReference; fileEncoding = 30; lastKnownFileType = text.script.sh; name = crypt3.sh; path = scripts/crypt3.sh; sourceTree = SOURCE_ROOT; };
		AA10539C15C0AE0800AA573B /* openssl */ = {isa = PBXFileReference; lastKnownFileType = folder; path = openssl; sourceTree = "<group>"; };
		AA227B030BE2986B000F4DBF /* Scripting.sdef */ = {isa = PBXFileReference; fileEncoding = 30; lastKnownFileType = text.sdef; path = Scripting.sdef; sourceTree = SOURCE_ROOT; };
		AA2AF2CC0A24416900B7FF22 /* French */ = {isa = PBXFileReference; fileEncoding = 30; lastKnownFileType = text.plist.strings; name = French; path = French.lproj/Localizable.strings; sourceTree = "<group>"; };
		AA2AF2CE0A24417300B7FF22 /* German */ = {isa = PBXFileReference; lastKnownFileType = text.plist.strings; name = German; path = German.lproj/Localizable.strings; sourceTree = "<group>"; };
		AA2AF2D50A24419600B7FF22 /* Italian */ = {isa = PBXFileReference; lastKnownFileType = text.plist.strings; name = Italian; path = Italian.lproj/Localizable.strings; sourceTree = "<group>"; };
		AA82A52F193BCFEE005EFE75 /* crypt.png */ = {isa = PBXFileReference; lastKnownFileType = image.png; path = crypt.png; sourceTree = "<group>"; };
		AA82A531193BCFEE005EFE75 /* New icon.icns */ = {isa = PBXFileReference; lastKnownFileType = image.icns; path = "New icon.icns"; sourceTree = "<group>"; };
		AA82A535193BD022005EFE75 /* crypt.icns */ = {isa = PBXFileReference; lastKnownFileType = image.icns; path = crypt.icns; sourceTree = "<group>"; };
		AAA4041E193BC8EA006415CF /* Controller.h */ = {isa = PBXFileReference; fileEncoding = 4; lastKnownFileType = sourcecode.c.h; path = Controller.h; sourceTree = "<group>"; };
		AAA4041F193BC8EA006415CF /* Controller.m */ = {isa = PBXFileReference; fileEncoding = 4; lastKnownFileType = sourcecode.c.objc; path = Controller.m; sourceTree = "<group>"; };
		AAA40420193BC8EA006415CF /* Cryptor.h */ = {isa = PBXFileReference; fileEncoding = 4; lastKnownFileType = sourcecode.c.h; path = Cryptor.h; sourceTree = "<group>"; };
		AAA40421193BC8EA006415CF /* Cryptor.m */ = {isa = PBXFileReference; fileEncoding = 4; lastKnownFileType = sourcecode.c.objc; path = Cryptor.m; sourceTree = "<group>"; };
		AAA40422193BC8EA006415CF /* DecryptScriptCommand.h */ = {isa = PBXFileReference; fileEncoding = 4; lastKnownFileType = sourcecode.c.h; path = DecryptScriptCommand.h; sourceTree = "<group>"; };
		AAA40423193BC8EA006415CF /* DecryptScriptCommand.m */ = {isa = PBXFileReference; fileEncoding = 4; lastKnownFileType = sourcecode.c.objc; path = DecryptScriptCommand.m; sourceTree = "<group>"; };
		AAA40424193BC8EA006415CF /* DragFileWell.h */ = {isa = PBXFileReference; fileEncoding = 4; lastKnownFileType = sourcecode.c.h; path = DragFileWell.h; sourceTree = "<group>"; };
		AAA40425193BC8EA006415CF /* DragFileWell.m */ = {isa = PBXFileReference; fileEncoding = 4; lastKnownFileType = sourcecode.c.objc; path = DragFileWell.m; sourceTree = "<group>"; };
		AAA40426193BC8EA006415CF /* EncryptScriptCommand.h */ = {isa = PBXFileReference; fileEncoding = 4; lastKnownFileType = sourcecode.c.h; path = EncryptScriptCommand.h; sourceTree = "<group>"; };
		AAA40427193BC8EA006415CF /* EncryptScriptCommand.m */ = {isa = PBXFileReference; fileEncoding = 4; lastKnownFileType = sourcecode.c.objc; path = EncryptScriptCommand.m; sourceTree = "<group>"; };
		AAA40431193BC9F1006415CF /* wordset_4k.c */ = {isa = PBXFileReference; fileEncoding = 4; lastKnownFileType = sourcecode.c.c; path = wordset_4k.c; sourceTree = "<group>"; };
		AAE0142F0A2663F00095BDED /* CryptDoc.icns */ = {isa = PBXFileReference; lastKnownFileType = image.icns; path = CryptDoc.icns; sourceTree = SOURCE_ROOT; };
/* End PBXFileReference section */

/* Begin PBXFrameworksBuildPhase section */
		8D11072E0486CEB800E47090 /* Frameworks */ = {
			isa = PBXFrameworksBuildPhase;
			buildActionMask = 2147483647;
			files = (
				8D11072F0486CEB800E47090 /* Cocoa.framework in Frameworks */,
				AA071FE00A240DAE009E1EB9 /* IOKit.framework in Frameworks */,
			);
			runOnlyForDeploymentPostprocessing = 0;
		};
/* End PBXFrameworksBuildPhase section */

/* Begin PBXGroup section */
		080E96DDFE201D6D7F000001 /* Classes */ = {
			isa = PBXGroup;
			children = (
				AAA4041D193BC8EA006415CF /* Classes */,
			);
			name = Classes;
			sourceTree = "<group>";
		};
		1058C7A0FEA54F0111CA2CBB /* Linked Frameworks */ = {
			isa = PBXGroup;
			children = (
				AA071FDF0A240DAE009E1EB9 /* IOKit.framework */,
				1058C7A1FEA54F0111CA2CBB /* Cocoa.framework */,
			);
			name = "Linked Frameworks";
			sourceTree = "<group>";
		};
		1058C7A2FEA54F0111CA2CBB /* Other Frameworks */ = {
			isa = PBXGroup;
			children = (
				29B97325FDCFA39411CA2CEA /* Foundation.framework */,
				29B97324FDCFA39411CA2CEA /* AppKit.framework */,
			);
			name = "Other Frameworks";
			sourceTree = "<group>";
		};
		19C28FACFE9D520D11CA2CBB /* Products */ = {
			isa = PBXGroup;
			children = (
				8D1107320486CEB800E47090 /* Crypt3.app */,
			);
			name = Products;
			sourceTree = "<group>";
		};
		29B97314FDCFA39411CA2CEA /* Crypt3 */ = {
			isa = PBXGroup;
			children = (
				080E96DDFE201D6D7F000001 /* Classes */,
				29B97315FDCFA39411CA2CEA /* Other Sources */,
				29B97317FDCFA39411CA2CEA /* Resources */,
				29B97323FDCFA39411CA2CEA /* Frameworks */,
				19C28FACFE9D520D11CA2CBB /* Products */,
			);
			name = Crypt3;
			sourceTree = "<group>";
		};
		29B97315FDCFA39411CA2CEA /* Other Sources */ = {
			isa = PBXGroup;
			children = (
				AA0720600A240FCC009E1EB9 /* crypt3.sh */,
				32CA4F630368D1EE00C91783 /* Crypt3_Prefix.pch */,
				29B97316FDCFA39411CA2CEA /* main.m */,
			);
			name = "Other Sources";
			sourceTree = "<group>";
		};
		29B97317FDCFA39411CA2CEA /* Resources */ = {
			isa = PBXGroup;
			children = (
				AA82A535193BD022005EFE75 /* crypt.icns */,
				AA82A52D193BCFEE005EFE75 /* resources */,
				AA10539C15C0AE0800AA573B /* openssl */,
				AA227B030BE2986B000F4DBF /* Scripting.sdef */,
				AAE0142F0A2663F00095BDED /* CryptDoc.icns */,
				AA2AF2CB0A24416900B7FF22 /* Localizable.strings */,
				AA071EFE0A2406F8009E1EB9 /* Help.rtf */,
				8D1107310486CEB800E47090 /* Info.plist */,
				29B97318FDCFA39411CA2CEA /* MainMenu.nib */,
			);
			name = Resources;
			sourceTree = "<group>";
		};
		29B97323FDCFA39411CA2CEA /* Frameworks */ = {
			isa = PBXGroup;
			children = (
				1058C7A0FEA54F0111CA2CBB /* Linked Frameworks */,
				1058C7A2FEA54F0111CA2CBB /* Other Frameworks */,
			);
			name = Frameworks;
			sourceTree = "<group>";
		};
		AA82A52D193BCFEE005EFE75 /* resources */ = {
			isa = PBXGroup;
			children = (
				AA82A52F193BCFEE005EFE75 /* crypt.png */,
				AA82A530193BCFEE005EFE75 /* icns */,
			);
			path = resources;
			sourceTree = "<group>";
		};
		AA82A530193BCFEE005EFE75 /* icns */ = {
			isa = PBXGroup;
			children = (
				AA82A531193BCFEE005EFE75 /* New icon.icns */,
			);
			path = icns;
			sourceTree = "<group>";
		};
		AAA4041D193BC8EA006415CF /* Classes */ = {
			isa = PBXGroup;
			children = (
				AAA40430193BC9F1006415CF /* PasswordChecker */,
				AAA4041E193BC8EA006415CF /* Controller.h */,
				AAA4041F193BC8EA006415CF /* Controller.m */,
				AAA40420193BC8EA006415CF /* Cryptor.h */,
				AAA40421193BC8EA006415CF /* Cryptor.m */,
				AAA40422193BC8EA006415CF /* DecryptScriptCommand.h */,
				AAA40423193BC8EA006415CF /* DecryptScriptCommand.m */,
				AAA40424193BC8EA006415CF /* DragFileWell.h */,
				AAA40425193BC8EA006415CF /* DragFileWell.m */,
				AAA40426193BC8EA006415CF /* EncryptScriptCommand.h */,
				AAA40427193BC8EA006415CF /* EncryptScriptCommand.m */,
			);
			path = Classes;
			sourceTree = "<group>";
		};
		AAA40430193BC9F1006415CF /* PasswordChecker */ = {
			isa = PBXGroup;
			children = (
				AAA40431193BC9F1006415CF /* wordset_4k.c */,
			);
			path = PasswordChecker;
			sourceTree = "<group>";
		};
/* End PBXGroup section */

/* Begin PBXNativeTarget section */
		8D1107260486CEB800E47090 /* Crypt3 */ = {
			isa = PBXNativeTarget;
			buildConfigurationList = AA6CC8D00A364A6500A10E61 /* Build configuration list for PBXNativeTarget "Crypt3" */;
			buildPhases = (
				8D1107290486CEB800E47090 /* Resources */,
				8D11072C0486CEB800E47090 /* Sources */,
				8D11072E0486CEB800E47090 /* Frameworks */,
			);
			buildRules = (
			);
			dependencies = (
			);
			name = Crypt3;
			productInstallPath = "$(HOME)/Applications";
			productName = Crypt3;
			productReference = 8D1107320486CEB800E47090 /* Crypt3.app */;
			productType = "com.apple.product-type.application";
		};
/* End PBXNativeTarget section */

/* Begin PBXProject section */
		29B97313FDCFA39411CA2CEA /* Project object */ = {
			isa = PBXProject;
			attributes = {
				LastUpgradeCheck = 0440;
			};
			buildConfigurationList = AA6CC8D40A364A6500A10E61 /* Build configuration list for PBXProject "Crypt3" */;
			compatibilityVersion = "Xcode 3.2";
			developmentRegion = English;
			hasScannedForEncodings = 1;
			knownRegions = (
				English,
				Japanese,
				French,
				German,
				Italian,
			);
			mainGroup = 29B97314FDCFA39411CA2CEA /* Crypt3 */;
			projectDirPath = "";
			projectRoot = "";
			targets = (
				8D1107260486CEB800E47090 /* Crypt3 */,
			);
		};
/* End PBXProject section */

/* Begin PBXResourcesBuildPhase section */
		8D1107290486CEB800E47090 /* Resources */ = {
			isa = PBXResourcesBuildPhase;
			buildActionMask = 2147483647;
			files = (
				AA82A533193BCFEE005EFE75 /* crypt.png in Resources */,
				AA82A534193BCFEE005EFE75 /* New icon.icns in Resources */,
				8D11072A0486CEB800E47090 /* MainMenu.nib in Resources */,
				AA071F000A2406F8009E1EB9 /* Help.rtf in Resources */,
				AA0720610A240FCC009E1EB9 /* crypt3.sh in Resources */,
				AA82A536193BD022005EFE75 /* crypt.icns in Resources */,
				AAE014300A2663F00095BDED /* CryptDoc.icns in Resources */,
				AA227B040BE2986B000F4DBF /* Scripting.sdef in Resources */,
				AA10539D15C0AE0800AA573B /* openssl in Resources */,
			);
			runOnlyForDeploymentPostprocessing = 0;
		};
/* End PBXResourcesBuildPhase section */

/* Begin PBXSourcesBuildPhase section */
		8D11072C0486CEB800E47090 /* Sources */ = {
			isa = PBXSourcesBuildPhase;
			buildActionMask = 2147483647;
			files = (
				8D11072D0486CEB800E47090 /* main.m in Sources */,
				AAA4042A193BC8EA006415CF /* Controller.m in Sources */,
				AAA4042B193BC8EA006415CF /* Cryptor.m in Sources */,
				AAA40432193BC9F1006415CF /* wordset_4k.c in Sources */,
				AAA4042E193BC8EA006415CF /* EncryptScriptCommand.m in Sources */,
				AAA4042C193BC8EA006415CF /* DecryptScriptCommand.m in Sources */,
				AAA4042D193BC8EA006415CF /* DragFileWell.m in Sources */,
			);
			runOnlyForDeploymentPostprocessing = 0;
		};
/* End PBXSourcesBuildPhase section */

/* Begin PBXVariantGroup section */
		29B97318FDCFA39411CA2CEA /* MainMenu.nib */ = {
			isa = PBXVariantGroup;
			children = (
				29B97319FDCFA39411CA2CEA /* English */,
			);
			name = MainMenu.nib;
			sourceTree = "<group>";
		};
		AA071EFE0A2406F8009E1EB9 /* Help.rtf */ = {
			isa = PBXVariantGroup;
			children = (
				AA071EFF0A2406F8009E1EB9 /* English */,
			);
			name = Help.rtf;
			sourceTree = SOURCE_ROOT;
		};
		AA2AF2CB0A24416900B7FF22 /* Localizable.strings */ = {
			isa = PBXVariantGroup;
			children = (
				AA2AF2CC0A24416900B7FF22 /* French */,
				AA2AF2CE0A24417300B7FF22 /* German */,
				AA2AF2D50A24419600B7FF22 /* Italian */,
			);
			name = Localizable.strings;
			sourceTree = SOURCE_ROOT;
		};
/* End PBXVariantGroup section */

/* Begin XCBuildConfiguration section */
		AA6CC8D10A364A6500A10E61 /* Development */ = {
			isa = XCBuildConfiguration;
			buildSettings = {
				ARCHS = "$(NATIVE_ARCH_ACTUAL)";
				COMBINE_HIDPI_IMAGES = YES;
				COPY_PHASE_STRIP = NO;
				GCC_DYNAMIC_NO_PIC = NO;
				GCC_GENERATE_DEBUGGING_SYMBOLS = YES;
				GCC_OPTIMIZATION_LEVEL = 0;
				GCC_PRECOMPILE_PREFIX_HEADER = YES;
				GCC_PREFIX_HEADER = Crypt3_Prefix.pch;
				GCC_VERSION = "";
				INFOPLIST_FILE = Info.plist;
				INSTALL_PATH = "$(HOME)/Applications";
				ONLY_ACTIVE_ARCH = YES;
				PRODUCT_NAME = Crypt3;
				SDKROOT = macosx;
				VALID_ARCHS = "";
				"VALID_ARCHS[sdk=*]" = x86_64;
				WRAPPER_EXTENSION = app;
				ZERO_LINK = NO;
			};
			name = Development;
		};
		AA6CC8D20A364A6500A10E61 /* Deployment */ = {
			isa = XCBuildConfiguration;
			buildSettings = {
				ARCHS = "$(NATIVE_ARCH_ACTUAL)";
				COMBINE_HIDPI_IMAGES = YES;
				COPY_PHASE_STRIP = YES;
				GCC_GENERATE_DEBUGGING_SYMBOLS = NO;
				GCC_PRECOMPILE_PREFIX_HEADER = YES;
				GCC_PREFIX_HEADER = Crypt3_Prefix.pch;
				GCC_VERSION = "";
				INFOPLIST_FILE = Info.plist;
				INSTALL_PATH = "$(HOME)/Applications";
				ONLY_ACTIVE_ARCH = YES;
				PRODUCT_NAME = Crypt3;
				SDKROOT = macosx;
				VALID_ARCHS = "";
				"VALID_ARCHS[sdk=*]" = x86_64;
				WRAPPER_EXTENSION = app;
				ZERO_LINK = NO;
			};
			name = Deployment;
		};
		AA6CC8D30A364A6500A10E61 /* Default */ = {
			isa = XCBuildConfiguration;
			buildSettings = {
				ARCHS = "$(NATIVE_ARCH_ACTUAL)";
				COMBINE_HIDPI_IMAGES = YES;
				GCC_GENERATE_DEBUGGING_SYMBOLS = NO;
				GCC_PRECOMPILE_PREFIX_HEADER = YES;
				GCC_PREFIX_HEADER = Crypt3_Prefix.pch;
				GCC_VERSION = "";
				INFOPLIST_FILE = Info.plist;
				INSTALL_PATH = "$(HOME)/Applications";
				ONLY_ACTIVE_ARCH = YES;
				PRODUCT_NAME = Crypt3;
				SDKROOT = macosx;
				VALID_ARCHS = "";
				"VALID_ARCHS[sdk=*]" = x86_64;
				WRAPPER_EXTENSION = app;
			};
			name = Default;
		};
		AA6CC8D50A364A6500A10E61 /* Development */ = {
			isa = XCBuildConfiguration;
			buildSettings = {
				ARCHS = (
					ppc,
					i386,
				);
				SDKROOT = macosx10.7;
			};
			name = Development;
		};
		AA6CC8D60A364A6500A10E61 /* Deployment */ = {
			isa = XCBuildConfiguration;
			buildSettings = {
				ARCHS = (
					ppc,
					i386,
				);
				SDKROOT = macosx10.7;
			};
			name = Deployment;
		};
		AA6CC8D70A364A6500A10E61 /* Default */ = {
			isa = XCBuildConfiguration;
			buildSettings = {
				ARCHS = (
					ppc,
					i386,
				);
				SDKROOT = macosx10.7;
			};
			name = Default;
		};
/* End XCBuildConfiguration section */

/* Begin XCConfigurationList section */
		AA6CC8D00A364A6500A10E61 /* Build configuration list for PBXNativeTarget "Crypt3" */ = {
			isa = XCConfigurationList;
			buildConfigurations = (
				AA6CC8D10A364A6500A10E61 /* Development */,
				AA6CC8D20A364A6500A10E61 /* Deployment */,
				AA6CC8D30A364A6500A10E61 /* Default */,
			);
			defaultConfigurationIsVisible = 0;
			defaultConfigurationName = Default;
		};
		AA6CC8D40A364A6500A10E61 /* Build configuration list for PBXProject "Crypt3" */ = {
			isa = XCConfigurationList;
			buildConfigurations = (
				AA6CC8D50A364A6500A10E61 /* Development */,
				AA6CC8D60A364A6500A10E61 /* Deployment */,
				AA6CC8D70A364A6500A10E61 /* Default */,
			);
			defaultConfigurationIsVisible = 0;
			defaultConfigurationName = Default;
		};
/* End XCConfigurationList section */
	};
	rootObject = 29B97313FDCFA39411CA2CEA /* Project object */;
}
